
Microsoft Visual Studio Solution File, Format Version 12.00
Project("{2150E333-8FDC-42A3-9474-1A3956D46DE8}") = "Src", "Src", "{6FD85EA6-ED87-4266-9E23-53218A1EAB9C}"
EndProject
Project("{2150E333-8FDC-42A3-9474-1A3956D46DE8}") = "Core", "Core", "{F82A93F1-F28E-46AD-8980-4C74533FD8E4}"
EndProject
Project("{FAE04EC0-301F-11D3-BF4B-00C04F79EFBC}") = "Domain", "Src\Domain\Domain.csproj", "{6C4B1537-BBE1-4EBB-946F-551F67ED96DE}"
EndProject
Project("{FAE04EC0-301F-11D3-BF4B-00C04F79EFBC}") = "Application", "Src\Application\Application.csproj", "{AB2E1E5B-D4A2-4D76-B24B-1B9C5C8B8609}"
EndProject
Project("{2150E333-8FDC-42A3-9474-1A3956D46DE8}") = "Infrastructure", "Infrastructure", "{2F1066A6-BA24-496F-9CDF-CA320501282E}"
EndProject
Project("{2150E333-8FDC-42A3-9474-1A3956D46DE8}") = "Presentation", "Presentation", "{A4AFA988-0392-4289-A3EC-D8115DE7DA69}"
EndProject
Project("{FAE04EC0-301F-11D3-BF4B-00C04F79EFBC}") = "Infrastructure", "Src\Infrastructure\Infrastructure.csproj", "{7D7AA49D-979B-470D-9FB7-D0BC576E46DE}"
EndProject
Project("{FAE04EC0-301F-11D3-BF4B-00C04F79EFBC}") = "Persistence", "Src\Persistence\Persistence.csproj", "{8215AD88-E3A6-42EB-88C0-2DFBC417E22E}"
EndProject
Project("{FAE04EC0-301F-11D3-BF4B-00C04F79EFBC}") = "WebUI", "Src\WebUI\WebUI.csproj", "{2368988E-20AB-4480-93CA-0E497AEB06BE}"
EndProject
Project("{2150E333-8FDC-42A3-9474-1A3956D46DE8}") = "Tests", "Tests", "{B842BFC0-FD19-47FB-AABA-D92946C9E776}"
EndProject
Global
	GlobalSection(SolutionConfigurationPlatforms) = preSolution
		Debug|Any CPU = Debug|Any CPU
		Release|Any CPU = Release|Any CPU
	EndGlobalSection
	GlobalSection(ProjectConfigurationPlatforms) = postSolution
		{6C4B1537-BBE1-4EBB-946F-551F67ED96DE}.Debug|Any CPU.ActiveCfg = Debug|Any CPU
		{6C4B1537-BBE1-4EBB-946F-551F67ED96DE}.Debug|Any CPU.Build.0 = Debug|Any CPU
		{6C4B1537-BBE1-4EBB-946F-551F67ED96DE}.Release|Any CPU.ActiveCfg = Release|Any CPU
		{6C4B1537-BBE1-4EBB-946F-551F67ED96DE}.Release|Any CPU.Build.0 = Release|Any CPU
		{AB2E1E5B-D4A2-4D76-B24B-1B9C5C8B8609}.Debug|Any CPU.ActiveCfg = Debug|Any CPU
		{AB2E1E5B-D4A2-4D76-B24B-1B9C5C8B8609}.Debug|Any CPU.Build.0 = Debug|Any CPU
		{AB2E1E5B-D4A2-4D76-B24B-1B9C5C8B8609}.Release|Any CPU.ActiveCfg = Release|Any CPU
		{AB2E1E5B-D4A2-4D76-B24B-1B9C5C8B8609}.Release|Any CPU.Build.0 = Release|Any CPU
		{7D7AA49D-979B-470D-9FB7-D0BC576E46DE}.Debug|Any CPU.ActiveCfg = Debug|Any CPU
		{7D7AA49D-979B-470D-9FB7-D0BC576E46DE}.Debug|Any CPU.Build.0 = Debug|Any CPU
		{7D7AA49D-979B-470D-9FB7-D0BC576E46DE}.Release|Any CPU.ActiveCfg = Release|Any CPU
		{7D7AA49D-979B-470D-9FB7-D0BC576E46DE}.Release|Any CPU.Build.0 = Release|Any CPU
		{8215AD88-E3A6-42EB-88C0-2DFBC417E22E}.Debug|Any CPU.ActiveCfg = Debug|Any CPU
		{8215AD88-E3A6-42EB-88C0-2DFBC417E22E}.Debug|Any CPU.Build.0 = Debug|Any CPU
		{8215AD88-E3A6-42EB-88C0-2DFBC417E22E}.Release|Any CPU.ActiveCfg = Release|Any CPU
		{8215AD88-E3A6-42EB-88C0-2DFBC417E22E}.Release|Any CPU.Build.0 = Release|Any CPU
		{2368988E-20AB-4480-93CA-0E497AEB06BE}.Debug|Any CPU.ActiveCfg = Debug|Any CPU
		{2368988E-20AB-4480-93CA-0E497AEB06BE}.Debug|Any CPU.Build.0 = Debug|Any CPU
		{2368988E-20AB-4480-93CA-0E497AEB06BE}.Release|Any CPU.ActiveCfg = Release|Any CPU
		{2368988E-20AB-4480-93CA-0E497AEB06BE}.Release|Any CPU.Build.0 = Release|Any CPU
	EndGlobalSection
	GlobalSection(NestedProjects) = preSolution
		{F82A93F1-F28E-46AD-8980-4C74533FD8E4} = {6FD85EA6-ED87-4266-9E23-53218A1EAB9C}
		{6C4B1537-BBE1-4EBB-946F-551F67ED96DE} = {F82A93F1-F28E-46AD-8980-4C74533FD8E4}
		{AB2E1E5B-D4A2-4D76-B24B-1B9C5C8B8609} = {F82A93F1-F28E-46AD-8980-4C74533FD8E4}
		{2F1066A6-BA24-496F-9CDF-CA320501282E} = {6FD85EA6-ED87-4266-9E23-53218A1EAB9C}
		{A4AFA988-0392-4289-A3EC-D8115DE7DA69} = {6FD85EA6-ED87-4266-9E23-53218A1EAB9C}
		{7D7AA49D-979B-470D-9FB7-D0BC576E46DE} = {2F1066A6-BA24-496F-9CDF-CA320501282E}
		{8215AD88-E3A6-42EB-88C0-2DFBC417E22E} = {2F1066A6-BA24-496F-9CDF-CA320501282E}
		{2368988E-20AB-4480-93CA-0E497AEB06BE} = {A4AFA988-0392-4289-A3EC-D8115DE7DA69}
	EndGlobalSection
EndGlobal
