
Microsoft Visual Studio Solution File, Format Version 12.00
# Visual Studio Version 17
VisualStudioVersion = 17.4.33213.308
MinimumVisualStudioVersion = 10.0.40219.1
Project("{2150E333-8FDC-42A3-9474-1A3956D46DE8}") = "SchoolLibrary_Dapper", "SchoolLibrary_Dapper", "{37D168A2-0B1D-48D8-8B4A-77F8358E1FCA}"
EndProject
Project("{2150E333-8FDC-42A3-9474-1A3956D46DE8}") = "SchoolLibrary_EF", "SchoolLibrary_EF", "{23B7ADF5-9E78-448E-82CE-ED0F74AB96D8}"
EndProject
Project("{FAE04EC0-301F-11D3-BF4B-00C04F79EFBC}") = "SchoolLibrary_Dapper.API", "SchoolLibrary_Dapper\SchoolLibrary_Dapper.API\SchoolLibrary_Dapper.API.csproj", "{2C85AAA6-1E82-4DEB-9F81-390C6ED94346}"
EndProject
Project("{FAE04EC0-301F-11D3-BF4B-00C04F79EFBC}") = "SchoolLibrary_EF.API", "SchoolLibrary_EF\SchoolLibrary_EF.API\SchoolLibrary_EF.API.csproj", "{D70E8AF8-1CF0-4EC1-A6C1-86BFFFC22CDE}"
EndProject
Project("{FAE04EC0-301F-11D3-BF4B-00C04F79EFBC}") = "SchoolLibrary_EF.BLL", "SchoolLibrary_EF\SchoolLibrary_EF.BLL\SchoolLibrary_EF.BLL.csproj", "{DCC1470D-06A7-4719-B601-CAF39908B4E4}"
EndProject
Project("{FAE04EC0-301F-11D3-BF4B-00C04F79EFBC}") = "SchoolLibrary_EF.DAL", "SchoolLibrary_EF\SchoolLibrary_EF.DAL\SchoolLibrary_EF.DAL.csproj", "{F8680FB9-BCEA-4F15-A1BF-73F0FBCD2CEE}"
EndProject
Project("{FAE04EC0-301F-11D3-BF4B-00C04F79EFBC}") = "SchoolLibrary_EF.Tests", "SchoolLibrary_EF\SchoolLibrary_EF.Tests\SchoolLibrary_EF.Tests.csproj", "{908B3AD3-BEC2-4CAF-B83A-8ADEEECA7836}"
EndProject
Project("{FAE04EC0-301F-11D3-BF4B-00C04F79EFBC}") = "SchoolLibrary_Dapper.BLL", "SchoolLibrary_Dapper\SchoolLibrary_Dapper.BLL\SchoolLibrary_Dapper.BLL.csproj", "{6BB75AA4-6415-428F-8DAA-168DDE5B4441}"
EndProject
Project("{FAE04EC0-301F-11D3-BF4B-00C04F79EFBC}") = "SchoolLibrary_Dapper.DAL", "SchoolLibrary_Dapper\SchoolLibrary_Dapper.DAL\SchoolLibrary_Dapper.DAL.csproj", "{3F6B3D89-8A62-48E0-A7B1-A88DFBF0C2AE}"
EndProject
Project("{2150E333-8FDC-42A3-9474-1A3956D46DE8}") = "SchoolLibrary_CA", "SchoolLibrary_CA", "{B6548603-D3E9-49E4-948A-D0F52E3A8DEE}"
EndProject
Project("{2150E333-8FDC-42A3-9474-1A3956D46DE8}") = "Src", "Src", "{5BE1AC78-F569-491B-8582-FC99114E5616}"
EndProject
Project("{2150E333-8FDC-42A3-9474-1A3956D46DE8}") = "Tests", "Tests", "{F4F53E78-600C-4DF1-9108-D65920A062B7}"
EndProject
Project("{FAE04EC0-301F-11D3-BF4B-00C04F79EFBC}") = "Domain", "SchoolLibrary_CA\Src\Domain\Domain.csproj", "{7C05A55E-1078-49D8-BAD9-B7267A475400}"
EndProject
Project("{2150E333-8FDC-42A3-9474-1A3956D46DE8}") = "Core", "Core", "{F3E8BAFD-5E21-44E5-AA7F-646CCBC40395}"
EndProject
Project("{FAE04EC0-301F-11D3-BF4B-00C04F79EFBC}") = "Application", "SchoolLibrary_CA\Src\Application\Application.csproj", "{F9E941E3-3FFF-49DF-8AA6-6B85F3903F14}"
EndProject
Project("{2150E333-8FDC-42A3-9474-1A3956D46DE8}") = "Infrastructure", "Infrastructure", "{065EB4FF-E6F5-4756-AFC8-36807F2BA4A6}"
EndProject
Project("{FAE04EC0-301F-11D3-BF4B-00C04F79EFBC}") = "Infrastructure", "SchoolLibrary_CA\Src\Infrastructure\Infrastructure.csproj", "{FCBD2803-2DAA-47E3-B355-37D5E21B40A2}"
EndProject
Project("{FAE04EC0-301F-11D3-BF4B-00C04F79EFBC}") = "Persistence", "SchoolLibrary_CA\Src\Persistence\Persistence.csproj", "{B9AA7E1D-76DC-49B3-9069-C18C1A720609}"
EndProject
Project("{2150E333-8FDC-42A3-9474-1A3956D46DE8}") = "Presentation", "Presentation", "{61A13AAD-DDDA-4FFA-9AF9-DD4C84F83382}"
EndProject
Project("{FAE04EC0-301F-11D3-BF4B-00C04F79EFBC}") = "WebUI", "SchoolLibrary_CA\Src\WebUI\WebUI.csproj", "{A7E51A27-1D1B-4B16-991E-5B6B68E6EEB8}"
EndProject
Project("{FAE04EC0-301F-11D3-BF4B-00C04F79EFBC}") = "Domain.UnitTests", "SchoolLibrary_CA\Tests\Domain.UnitTests\Domain.UnitTests.csproj", "{BC87E587-1315-4219-A34B-8909A2E01E71}"
EndProject
Project("{FAE04EC0-301F-11D3-BF4B-00C04F79EFBC}") = "Application.UnitTests", "SchoolLibrary_CA\Tests\Application.UnitTests\Application.UnitTests.csproj", "{82C98B8C-C540-43C1-A37F-9892FB144253}"
EndProject
Project("{FAE04EC0-301F-11D3-BF4B-00C04F79EFBC}") = "CreatingSharedDatabase.Console", "CreatingSharedDatabase.Console\CreatingSharedDatabase.Console.csproj", "{9A7B1E3E-D678-4D77-916B-ECCBC2D77A7E}"
EndProject
Global
	GlobalSection(SolutionConfigurationPlatforms) = preSolution
		Debug|Any CPU = Debug|Any CPU
		Release|Any CPU = Release|Any CPU
	EndGlobalSection
	GlobalSection(ProjectConfigurationPlatforms) = postSolution
		{2C85AAA6-1E82-4DEB-9F81-390C6ED94346}.Debug|Any CPU.ActiveCfg = Debug|Any CPU
		{2C85AAA6-1E82-4DEB-9F81-390C6ED94346}.Debug|Any CPU.Build.0 = Debug|Any CPU
		{2C85AAA6-1E82-4DEB-9F81-390C6ED94346}.Release|Any CPU.ActiveCfg = Release|Any CPU
		{2C85AAA6-1E82-4DEB-9F81-390C6ED94346}.Release|Any CPU.Build.0 = Release|Any CPU
		{D70E8AF8-1CF0-4EC1-A6C1-86BFFFC22CDE}.Debug|Any CPU.ActiveCfg = Debug|Any CPU
		{D70E8AF8-1CF0-4EC1-A6C1-86BFFFC22CDE}.Debug|Any CPU.Build.0 = Debug|Any CPU
		{D70E8AF8-1CF0-4EC1-A6C1-86BFFFC22CDE}.Release|Any CPU.ActiveCfg = Release|Any CPU
		{D70E8AF8-1CF0-4EC1-A6C1-86BFFFC22CDE}.Release|Any CPU.Build.0 = Release|Any CPU
		{DCC1470D-06A7-4719-B601-CAF39908B4E4}.Debug|Any CPU.ActiveCfg = Debug|Any CPU
		{DCC1470D-06A7-4719-B601-CAF39908B4E4}.Debug|Any CPU.Build.0 = Debug|Any CPU
		{DCC1470D-06A7-4719-B601-CAF39908B4E4}.Release|Any CPU.ActiveCfg = Release|Any CPU
		{DCC1470D-06A7-4719-B601-CAF39908B4E4}.Release|Any CPU.Build.0 = Release|Any CPU
		{F8680FB9-BCEA-4F15-A1BF-73F0FBCD2CEE}.Debug|Any CPU.ActiveCfg = Debug|Any CPU
		{F8680FB9-BCEA-4F15-A1BF-73F0FBCD2CEE}.Debug|Any CPU.Build.0 = Debug|Any CPU
		{F8680FB9-BCEA-4F15-A1BF-73F0FBCD2CEE}.Release|Any CPU.ActiveCfg = Release|Any CPU
		{F8680FB9-BCEA-4F15-A1BF-73F0FBCD2CEE}.Release|Any CPU.Build.0 = Release|Any CPU
		{908B3AD3-BEC2-4CAF-B83A-8ADEEECA7836}.Debug|Any CPU.ActiveCfg = Debug|Any CPU
		{908B3AD3-BEC2-4CAF-B83A-8ADEEECA7836}.Debug|Any CPU.Build.0 = Debug|Any CPU
		{908B3AD3-BEC2-4CAF-B83A-8ADEEECA7836}.Release|Any CPU.ActiveCfg = Release|Any CPU
		{908B3AD3-BEC2-4CAF-B83A-8ADEEECA7836}.Release|Any CPU.Build.0 = Release|Any CPU
		{6BB75AA4-6415-428F-8DAA-168DDE5B4441}.Debug|Any CPU.ActiveCfg = Debug|Any CPU
		{6BB75AA4-6415-428F-8DAA-168DDE5B4441}.Debug|Any CPU.Build.0 = Debug|Any CPU
		{6BB75AA4-6415-428F-8DAA-168DDE5B4441}.Release|Any CPU.ActiveCfg = Release|Any CPU
		{6BB75AA4-6415-428F-8DAA-168DDE5B4441}.Release|Any CPU.Build.0 = Release|Any CPU
		{3F6B3D89-8A62-48E0-A7B1-A88DFBF0C2AE}.Debug|Any CPU.ActiveCfg = Debug|Any CPU
		{3F6B3D89-8A62-48E0-A7B1-A88DFBF0C2AE}.Debug|Any CPU.Build.0 = Debug|Any CPU
		{3F6B3D89-8A62-48E0-A7B1-A88DFBF0C2AE}.Release|Any CPU.ActiveCfg = Release|Any CPU
		{3F6B3D89-8A62-48E0-A7B1-A88DFBF0C2AE}.Release|Any CPU.Build.0 = Release|Any CPU
		{7C05A55E-1078-49D8-BAD9-B7267A475400}.Debug|Any CPU.ActiveCfg = Debug|Any CPU
		{7C05A55E-1078-49D8-BAD9-B7267A475400}.Debug|Any CPU.Build.0 = Debug|Any CPU
		{7C05A55E-1078-49D8-BAD9-B7267A475400}.Release|Any CPU.ActiveCfg = Release|Any CPU
		{7C05A55E-1078-49D8-BAD9-B7267A475400}.Release|Any CPU.Build.0 = Release|Any CPU
		{F9E941E3-3FFF-49DF-8AA6-6B85F3903F14}.Debug|Any CPU.ActiveCfg = Debug|Any CPU
		{F9E941E3-3FFF-49DF-8AA6-6B85F3903F14}.Debug|Any CPU.Build.0 = Debug|Any CPU
		{F9E941E3-3FFF-49DF-8AA6-6B85F3903F14}.Release|Any CPU.ActiveCfg = Release|Any CPU
		{F9E941E3-3FFF-49DF-8AA6-6B85F3903F14}.Release|Any CPU.Build.0 = Release|Any CPU
		{FCBD2803-2DAA-47E3-B355-37D5E21B40A2}.Debug|Any CPU.ActiveCfg = Debug|Any CPU
		{FCBD2803-2DAA-47E3-B355-37D5E21B40A2}.Debug|Any CPU.Build.0 = Debug|Any CPU
		{FCBD2803-2DAA-47E3-B355-37D5E21B40A2}.Release|Any CPU.ActiveCfg = Release|Any CPU
		{FCBD2803-2DAA-47E3-B355-37D5E21B40A2}.Release|Any CPU.Build.0 = Release|Any CPU
		{B9AA7E1D-76DC-49B3-9069-C18C1A720609}.Debug|Any CPU.ActiveCfg = Debug|Any CPU
		{B9AA7E1D-76DC-49B3-9069-C18C1A720609}.Debug|Any CPU.Build.0 = Debug|Any CPU
		{B9AA7E1D-76DC-49B3-9069-C18C1A720609}.Release|Any CPU.ActiveCfg = Release|Any CPU
		{B9AA7E1D-76DC-49B3-9069-C18C1A720609}.Release|Any CPU.Build.0 = Release|Any CPU
		{A7E51A27-1D1B-4B16-991E-5B6B68E6EEB8}.Debug|Any CPU.ActiveCfg = Debug|Any CPU
		{A7E51A27-1D1B-4B16-991E-5B6B68E6EEB8}.Debug|Any CPU.Build.0 = Debug|Any CPU
		{A7E51A27-1D1B-4B16-991E-5B6B68E6EEB8}.Release|Any CPU.ActiveCfg = Release|Any CPU
		{A7E51A27-1D1B-4B16-991E-5B6B68E6EEB8}.Release|Any CPU.Build.0 = Release|Any CPU
		{BC87E587-1315-4219-A34B-8909A2E01E71}.Debug|Any CPU.ActiveCfg = Debug|Any CPU
		{BC87E587-1315-4219-A34B-8909A2E01E71}.Debug|Any CPU.Build.0 = Debug|Any CPU
		{BC87E587-1315-4219-A34B-8909A2E01E71}.Release|Any CPU.ActiveCfg = Release|Any CPU
		{BC87E587-1315-4219-A34B-8909A2E01E71}.Release|Any CPU.Build.0 = Release|Any CPU
		{82C98B8C-C540-43C1-A37F-9892FB144253}.Debug|Any CPU.ActiveCfg = Debug|Any CPU
		{82C98B8C-C540-43C1-A37F-9892FB144253}.Debug|Any CPU.Build.0 = Debug|Any CPU
		{82C98B8C-C540-43C1-A37F-9892FB144253}.Release|Any CPU.ActiveCfg = Release|Any CPU
		{82C98B8C-C540-43C1-A37F-9892FB144253}.Release|Any CPU.Build.0 = Release|Any CPU
		{9A7B1E3E-D678-4D77-916B-ECCBC2D77A7E}.Debug|Any CPU.ActiveCfg = Debug|Any CPU
		{9A7B1E3E-D678-4D77-916B-ECCBC2D77A7E}.Debug|Any CPU.Build.0 = Debug|Any CPU
		{9A7B1E3E-D678-4D77-916B-ECCBC2D77A7E}.Release|Any CPU.ActiveCfg = Release|Any CPU
		{9A7B1E3E-D678-4D77-916B-ECCBC2D77A7E}.Release|Any CPU.Build.0 = Release|Any CPU
	EndGlobalSection
	GlobalSection(SolutionProperties) = preSolution
		HideSolutionNode = FALSE
	EndGlobalSection
	GlobalSection(NestedProjects) = preSolution
		{2C85AAA6-1E82-4DEB-9F81-390C6ED94346} = {37D168A2-0B1D-48D8-8B4A-77F8358E1FCA}
		{D70E8AF8-1CF0-4EC1-A6C1-86BFFFC22CDE} = {23B7ADF5-9E78-448E-82CE-ED0F74AB96D8}
		{DCC1470D-06A7-4719-B601-CAF39908B4E4} = {23B7ADF5-9E78-448E-82CE-ED0F74AB96D8}
		{F8680FB9-BCEA-4F15-A1BF-73F0FBCD2CEE} = {23B7ADF5-9E78-448E-82CE-ED0F74AB96D8}
		{908B3AD3-BEC2-4CAF-B83A-8ADEEECA7836} = {23B7ADF5-9E78-448E-82CE-ED0F74AB96D8}
		{6BB75AA4-6415-428F-8DAA-168DDE5B4441} = {37D168A2-0B1D-48D8-8B4A-77F8358E1FCA}
		{3F6B3D89-8A62-48E0-A7B1-A88DFBF0C2AE} = {37D168A2-0B1D-48D8-8B4A-77F8358E1FCA}
		{5BE1AC78-F569-491B-8582-FC99114E5616} = {B6548603-D3E9-49E4-948A-D0F52E3A8DEE}
		{F4F53E78-600C-4DF1-9108-D65920A062B7} = {B6548603-D3E9-49E4-948A-D0F52E3A8DEE}
		{F3E8BAFD-5E21-44E5-AA7F-646CCBC40395} = {5BE1AC78-F569-491B-8582-FC99114E5616}
		{7C05A55E-1078-49D8-BAD9-B7267A475400} = {F3E8BAFD-5E21-44E5-AA7F-646CCBC40395}
		{F9E941E3-3FFF-49DF-8AA6-6B85F3903F14} = {F3E8BAFD-5E21-44E5-AA7F-646CCBC40395}
		{065EB4FF-E6F5-4756-AFC8-36807F2BA4A6} = {5BE1AC78-F569-491B-8582-FC99114E5616}
		{FCBD2803-2DAA-47E3-B355-37D5E21B40A2} = {065EB4FF-E6F5-4756-AFC8-36807F2BA4A6}
		{B9AA7E1D-76DC-49B3-9069-C18C1A720609} = {065EB4FF-E6F5-4756-AFC8-36807F2BA4A6}
		{61A13AAD-DDDA-4FFA-9AF9-DD4C84F83382} = {5BE1AC78-F569-491B-8582-FC99114E5616}
		{A7E51A27-1D1B-4B16-991E-5B6B68E6EEB8} = {61A13AAD-DDDA-4FFA-9AF9-DD4C84F83382}
		{BC87E587-1315-4219-A34B-8909A2E01E71} = {F4F53E78-600C-4DF1-9108-D65920A062B7}
		{82C98B8C-C540-43C1-A37F-9892FB144253} = {F4F53E78-600C-4DF1-9108-D65920A062B7}
	EndGlobalSection
	GlobalSection(ExtensibilityGlobals) = postSolution
		SolutionGuid = {4389797B-AC66-417C-9F30-5E674253AD66}
	EndGlobalSection
EndGlobal
