
Microsoft Visual Studio Solution File, Format Version 12.00
# Visual Studio Version 17
VisualStudioVersion = 17.4.33213.308
MinimumVisualStudioVersion = 10.0.40219.1
Project("{2150E333-8FDC-42A3-9474-1A3956D46DE8}") = "SchoolLibrary_Dapper", "SchoolLibrary_Dapper", "{37D168A2-0B1D-48D8-8B4A-77F8358E1FCA}"
EndProject
Project("{9A19103F-16F7-4668-BE54-9A1E7A4F7556}") = "SchoolLibrary_Dapper.API", "SchoolLibrary_Dapper.API\SchoolLibrary_Dapper.API.csproj", "{67F29C9A-D330-4158-93A5-131EFE8EADD6}"
EndProject
Project("{9A19103F-16F7-4668-BE54-9A1E7A4F7556}") = "SchoolLibrary_Dapper.DAL", "SchoolLibrary_Dapper.DAL\SchoolLibrary_Dapper.DAL.csproj", "{069E0912-96DA-4EA2-98A8-ABA41AB1D3C8}"
EndProject
Project("{9A19103F-16F7-4668-BE54-9A1E7A4F7556}") = "SchoolLibrary_Dapper.BLL", "SchoolLibrary_Rapper.BLL\SchoolLibrary_Dapper.BLL.csproj", "{73756E2E-1472-438D-BAAF-0D464C99991D}"
EndProject
Project("{2150E333-8FDC-42A3-9474-1A3956D46DE8}") = "SchoolLibrary_EF", "SchoolLibrary_EF", "{23B7ADF5-9E78-448E-82CE-ED0F74AB96D8}"
EndProject
Project("{FAE04EC0-301F-11D3-BF4B-00C04F79EFBC}") = "SchoolLibrary_EF.API", "SchoolLibrary_EF.API\SchoolLibrary_EF.API.csproj", "{91DE8E9F-DC0F-4980-92E6-A99939A2B4F1}"
EndProject
Project("{FAE04EC0-301F-11D3-BF4B-00C04F79EFBC}") = "SchoolLibrary_EF.BLL", "SchoolLibrary_EF.BLL\SchoolLibrary_EF.BLL.csproj", "{28494AF2-F093-4110-8197-9127B3F8ACE6}"
EndProject
Project("{FAE04EC0-301F-11D3-BF4B-00C04F79EFBC}") = "SchoolLibrary_EF.DAL", "SchoolLibrary_EF.DAL\SchoolLibrary_EF.DAL.csproj", "{D035AC7E-F890-4667-A39E-1D1A5E81C903}"
EndProject
Global
	GlobalSection(SolutionConfigurationPlatforms) = preSolution
		Debug|Any CPU = Debug|Any CPU
		Release|Any CPU = Release|Any CPU
	EndGlobalSection
	GlobalSection(ProjectConfigurationPlatforms) = postSolution
		{67F29C9A-D330-4158-93A5-131EFE8EADD6}.Debug|Any CPU.ActiveCfg = Debug|Any CPU
		{67F29C9A-D330-4158-93A5-131EFE8EADD6}.Debug|Any CPU.Build.0 = Debug|Any CPU
		{67F29C9A-D330-4158-93A5-131EFE8EADD6}.Release|Any CPU.ActiveCfg = Release|Any CPU
		{67F29C9A-D330-4158-93A5-131EFE8EADD6}.Release|Any CPU.Build.0 = Release|Any CPU
		{069E0912-96DA-4EA2-98A8-ABA41AB1D3C8}.Debug|Any CPU.ActiveCfg = Debug|Any CPU
		{069E0912-96DA-4EA2-98A8-ABA41AB1D3C8}.Debug|Any CPU.Build.0 = Debug|Any CPU
		{069E0912-96DA-4EA2-98A8-ABA41AB1D3C8}.Release|Any CPU.ActiveCfg = Release|Any CPU
		{069E0912-96DA-4EA2-98A8-ABA41AB1D3C8}.Release|Any CPU.Build.0 = Release|Any CPU
		{73756E2E-1472-438D-BAAF-0D464C99991D}.Debug|Any CPU.ActiveCfg = Debug|Any CPU
		{73756E2E-1472-438D-BAAF-0D464C99991D}.Debug|Any CPU.Build.0 = Debug|Any CPU
		{73756E2E-1472-438D-BAAF-0D464C99991D}.Release|Any CPU.ActiveCfg = Release|Any CPU
		{73756E2E-1472-438D-BAAF-0D464C99991D}.Release|Any CPU.Build.0 = Release|Any CPU
		{91DE8E9F-DC0F-4980-92E6-A99939A2B4F1}.Debug|Any CPU.ActiveCfg = Debug|Any CPU
		{91DE8E9F-DC0F-4980-92E6-A99939A2B4F1}.Debug|Any CPU.Build.0 = Debug|Any CPU
		{91DE8E9F-DC0F-4980-92E6-A99939A2B4F1}.Release|Any CPU.ActiveCfg = Release|Any CPU
		{91DE8E9F-DC0F-4980-92E6-A99939A2B4F1}.Release|Any CPU.Build.0 = Release|Any CPU
		{28494AF2-F093-4110-8197-9127B3F8ACE6}.Debug|Any CPU.ActiveCfg = Debug|Any CPU
		{28494AF2-F093-4110-8197-9127B3F8ACE6}.Debug|Any CPU.Build.0 = Debug|Any CPU
		{28494AF2-F093-4110-8197-9127B3F8ACE6}.Release|Any CPU.ActiveCfg = Release|Any CPU
		{28494AF2-F093-4110-8197-9127B3F8ACE6}.Release|Any CPU.Build.0 = Release|Any CPU
		{D035AC7E-F890-4667-A39E-1D1A5E81C903}.Debug|Any CPU.ActiveCfg = Debug|Any CPU
		{D035AC7E-F890-4667-A39E-1D1A5E81C903}.Debug|Any CPU.Build.0 = Debug|Any CPU
		{D035AC7E-F890-4667-A39E-1D1A5E81C903}.Release|Any CPU.ActiveCfg = Release|Any CPU
		{D035AC7E-F890-4667-A39E-1D1A5E81C903}.Release|Any CPU.Build.0 = Release|Any CPU
	EndGlobalSection
	GlobalSection(SolutionProperties) = preSolution
		HideSolutionNode = FALSE
	EndGlobalSection
	GlobalSection(NestedProjects) = preSolution
		{67F29C9A-D330-4158-93A5-131EFE8EADD6} = {37D168A2-0B1D-48D8-8B4A-77F8358E1FCA}
		{069E0912-96DA-4EA2-98A8-ABA41AB1D3C8} = {37D168A2-0B1D-48D8-8B4A-77F8358E1FCA}
		{73756E2E-1472-438D-BAAF-0D464C99991D} = {37D168A2-0B1D-48D8-8B4A-77F8358E1FCA}
		{91DE8E9F-DC0F-4980-92E6-A99939A2B4F1} = {23B7ADF5-9E78-448E-82CE-ED0F74AB96D8}
		{28494AF2-F093-4110-8197-9127B3F8ACE6} = {23B7ADF5-9E78-448E-82CE-ED0F74AB96D8}
		{D035AC7E-F890-4667-A39E-1D1A5E81C903} = {23B7ADF5-9E78-448E-82CE-ED0F74AB96D8}
	EndGlobalSection
	GlobalSection(ExtensibilityGlobals) = postSolution
		SolutionGuid = {4389797B-AC66-417C-9F30-5E674253AD66}
	EndGlobalSection
EndGlobal
